
Microsoft Visual Studio Solution File, Format Version 12.00
# Visual Studio Version 16
VisualStudioVersion = 16.0.810.22
MinimumVisualStudioVersion = 10.0.40219.1
Project("{FAE04EC0-301F-11D3-BF4B-00C04F79EFBC}") = "ITM_Service", "ITM_Service.csproj", "{3B7E6C01-4E2B-4A9D-8F58-793ED9C5715C}"
EndProject
Global
	GlobalSection(SolutionConfigurationPlatforms) = preSolution
		Debug|Any CPU = Debug|Any CPU
		Release|Any CPU = Release|Any CPU
	EndGlobalSection
	GlobalSection(ProjectConfigurationPlatforms) = postSolution
		{3B7E6C01-4E2B-4A9D-8F58-793ED9C5715C}.Debug|Any CPU.ActiveCfg = Debug|Any CPU
		{3B7E6C01-4E2B-4A9D-8F58-793ED9C5715C}.Debug|Any CPU.Build.0 = Debug|Any CPU
		{3B7E6C01-4E2B-4A9D-8F58-793ED9C5715C}.Release|Any CPU.ActiveCfg = Release|Any CPU
		{3B7E6C01-4E2B-4A9D-8F58-793ED9C5715C}.Release|Any CPU.Build.0 = Release|Any CPU
	EndGlobalSection
	GlobalSection(SolutionProperties) = preSolution
		HideSolutionNode = FALSE
	EndGlobalSection
	GlobalSection(ExtensibilityGlobals) = postSolution
		SolutionGuid = {478F0FEA-5A90-4861-BCDE-001C5F220DE6}
	EndGlobalSection
EndGlobal
